
Microsoft Visual Studio Solution File, Format Version 12.00
# Visual Studio Version 18
VisualStudioVersion = 18.4.11519.219 insiders
MinimumVisualStudioVersion = 10.0.40219.1
Project("{9A19103F-16F7-4668-BE54-9A1E7A4F7556}") = "Chirp.Web", "src\Chirp.Web\Chirp.Web.csproj", "{38A84DEA-96FE-41DD-8453-7DE9CBDAC982}"
EndProject
Project("{2150E333-8FDC-42A3-9474-1A3956D46DE8}") = "test", "test", "{0C88DD14-F956-CE84-757C-A364CCF449FC}"
EndProject
Project("{2150E333-8FDC-42A3-9474-1A3956D46DE8}") = "src", "src", "{02EA681E-C7D8-13C7-8484-4AC65E1B71E8}"
EndProject
Project("{9A19103F-16F7-4668-BE54-9A1E7A4F7556}") = "Chirp.Infrastructure", "src\Chirp.Infrastructure\Chirp.Infrastructure.csproj", "{7F716B52-E0AB-18D4-76D2-19A4BAD22546}"
EndProject
Project("{9A19103F-16F7-4668-BE54-9A1E7A4F7556}") = "Chirp.Core", "src\Chirp.Core\Chirp.Core.csproj", "{3D3F0D9B-5067-CE60-2D55-743A222468EC}"
EndProject
Project("{FAE04EC0-301F-11D3-BF4B-00C04F79EFBC}") = "xUnitTests", "test\xUnitTests\xUnitTests.csproj", "{7BB03133-FD28-54A4-7DF7-81F29792647C}"
EndProject
Project("{FAE04EC0-301F-11D3-BF4B-00C04F79EFBC}") = "xIntegrationTests", "test\xIntegrationTests\xIntegrationTests.csproj", "{1136BAB6-CE4B-917C-EECB-C1E1822220D8}"
EndProject
Project("{FAE04EC0-301F-11D3-BF4B-00C04F79EFBC}") = "Chirp.Application", "src\Chirp.Application\Chirp.Application.csproj", "{77386CCB-189F-4ABA-8AB1-421C439524A2}"
EndProject
Project("{2150E333-8FDC-42A3-9474-1A3956D46DE8}") = "Solution Items", "Solution Items", "{8EC462FD-D22E-90A8-E5CE-7E832BA40C5D}"
	ProjectSection(SolutionItems) = preProject
		Auto_Test_Build.yml = Auto_Test_Build.yml
		.github\workflows\continous-deployment.yml = .github\workflows\continous-deployment.yml
		.github\workflows\publish.yml = .github\workflows\publish.yml
	EndProjectSection
EndProject
Project("{FAE04EC0-301F-11D3-BF4B-00C04F79EFBC}") = "nPlaywrightTests", "test\nPlaywrightTests\nPlaywrightTests.csproj", "{FCE48D1D-BA02-73F8-9171-EE22BB928707}"
EndProject
Project("{2150E333-8FDC-42A3-9474-1A3956D46DE8}") = "docs", "docs", "{6B3DE9D7-B074-470E-8785-A1FBD77C7A5F}"
	ProjectSection(SolutionItems) = preProject
		docs\report.md = docs\report.md
	EndProjectSection
EndProject
Global
	GlobalSection(SolutionConfigurationPlatforms) = preSolution
		Debug|Any CPU = Debug|Any CPU
		Debug|x64 = Debug|x64
		Debug|x86 = Debug|x86
		Release|Any CPU = Release|Any CPU
		Release|x64 = Release|x64
		Release|x86 = Release|x86
	EndGlobalSection
	GlobalSection(ProjectConfigurationPlatforms) = postSolution
		{38A84DEA-96FE-41DD-8453-7DE9CBDAC982}.Debug|Any CPU.ActiveCfg = Debug|Any CPU
		{38A84DEA-96FE-41DD-8453-7DE9CBDAC982}.Debug|Any CPU.Build.0 = Debug|Any CPU
		{38A84DEA-96FE-41DD-8453-7DE9CBDAC982}.Debug|x64.ActiveCfg = Debug|Any CPU
		{38A84DEA-96FE-41DD-8453-7DE9CBDAC982}.Debug|x64.Build.0 = Debug|Any CPU
		{38A84DEA-96FE-41DD-8453-7DE9CBDAC982}.Debug|x86.ActiveCfg = Debug|Any CPU
		{38A84DEA-96FE-41DD-8453-7DE9CBDAC982}.Debug|x86.Build.0 = Debug|Any CPU
		{38A84DEA-96FE-41DD-8453-7DE9CBDAC982}.Release|Any CPU.ActiveCfg = Release|Any CPU
		{38A84DEA-96FE-41DD-8453-7DE9CBDAC982}.Release|Any CPU.Build.0 = Release|Any CPU
		{38A84DEA-96FE-41DD-8453-7DE9CBDAC982}.Release|x64.ActiveCfg = Release|Any CPU
		{38A84DEA-96FE-41DD-8453-7DE9CBDAC982}.Release|x64.Build.0 = Release|Any CPU
		{38A84DEA-96FE-41DD-8453-7DE9CBDAC982}.Release|x86.ActiveCfg = Release|Any CPU
		{38A84DEA-96FE-41DD-8453-7DE9CBDAC982}.Release|x86.Build.0 = Release|Any CPU
		{7F716B52-E0AB-18D4-76D2-19A4BAD22546}.Debug|Any CPU.ActiveCfg = Debug|Any CPU
		{7F716B52-E0AB-18D4-76D2-19A4BAD22546}.Debug|Any CPU.Build.0 = Debug|Any CPU
		{7F716B52-E0AB-18D4-76D2-19A4BAD22546}.Debug|x64.ActiveCfg = Debug|Any CPU
		{7F716B52-E0AB-18D4-76D2-19A4BAD22546}.Debug|x64.Build.0 = Debug|Any CPU
		{7F716B52-E0AB-18D4-76D2-19A4BAD22546}.Debug|x86.ActiveCfg = Debug|Any CPU
		{7F716B52-E0AB-18D4-76D2-19A4BAD22546}.Debug|x86.Build.0 = Debug|Any CPU
		{7F716B52-E0AB-18D4-76D2-19A4BAD22546}.Release|Any CPU.ActiveCfg = Release|Any CPU
		{7F716B52-E0AB-18D4-76D2-19A4BAD22546}.Release|Any CPU.Build.0 = Release|Any CPU
		{7F716B52-E0AB-18D4-76D2-19A4BAD22546}.Release|x64.ActiveCfg = Release|Any CPU
		{7F716B52-E0AB-18D4-76D2-19A4BAD22546}.Release|x64.Build.0 = Release|Any CPU
		{7F716B52-E0AB-18D4-76D2-19A4BAD22546}.Release|x86.ActiveCfg = Release|Any CPU
		{7F716B52-E0AB-18D4-76D2-19A4BAD22546}.Release|x86.Build.0 = Release|Any CPU
		{3D3F0D9B-5067-CE60-2D55-743A222468EC}.Debug|Any CPU.ActiveCfg = Debug|Any CPU
		{3D3F0D9B-5067-CE60-2D55-743A222468EC}.Debug|Any CPU.Build.0 = Debug|Any CPU
		{3D3F0D9B-5067-CE60-2D55-743A222468EC}.Debug|x64.ActiveCfg = Debug|Any CPU
		{3D3F0D9B-5067-CE60-2D55-743A222468EC}.Debug|x64.Build.0 = Debug|Any CPU
		{3D3F0D9B-5067-CE60-2D55-743A222468EC}.Debug|x86.ActiveCfg = Debug|Any CPU
		{3D3F0D9B-5067-CE60-2D55-743A222468EC}.Debug|x86.Build.0 = Debug|Any CPU
		{3D3F0D9B-5067-CE60-2D55-743A222468EC}.Release|Any CPU.ActiveCfg = Release|Any CPU
		{3D3F0D9B-5067-CE60-2D55-743A222468EC}.Release|Any CPU.Build.0 = Release|Any CPU
		{3D3F0D9B-5067-CE60-2D55-743A222468EC}.Release|x64.ActiveCfg = Release|Any CPU
		{3D3F0D9B-5067-CE60-2D55-743A222468EC}.Release|x64.Build.0 = Release|Any CPU
		{3D3F0D9B-5067-CE60-2D55-743A222468EC}.Release|x86.ActiveCfg = Release|Any CPU
		{3D3F0D9B-5067-CE60-2D55-743A222468EC}.Release|x86.Build.0 = Release|Any CPU
		{7BB03133-FD28-54A4-7DF7-81F29792647C}.Debug|Any CPU.ActiveCfg = Debug|Any CPU
		{7BB03133-FD28-54A4-7DF7-81F29792647C}.Debug|Any CPU.Build.0 = Debug|Any CPU
		{7BB03133-FD28-54A4-7DF7-81F29792647C}.Debug|x64.ActiveCfg = Debug|Any CPU
		{7BB03133-FD28-54A4-7DF7-81F29792647C}.Debug|x64.Build.0 = Debug|Any CPU
		{7BB03133-FD28-54A4-7DF7-81F29792647C}.Debug|x86.ActiveCfg = Debug|Any CPU
		{7BB03133-FD28-54A4-7DF7-81F29792647C}.Debug|x86.Build.0 = Debug|Any CPU
		{7BB03133-FD28-54A4-7DF7-81F29792647C}.Release|Any CPU.ActiveCfg = Release|Any CPU
		{7BB03133-FD28-54A4-7DF7-81F29792647C}.Release|Any CPU.Build.0 = Release|Any CPU
		{7BB03133-FD28-54A4-7DF7-81F29792647C}.Release|x64.ActiveCfg = Release|Any CPU
		{7BB03133-FD28-54A4-7DF7-81F29792647C}.Release|x64.Build.0 = Release|Any CPU
		{7BB03133-FD28-54A4-7DF7-81F29792647C}.Release|x86.ActiveCfg = Release|Any CPU
		{7BB03133-FD28-54A4-7DF7-81F29792647C}.Release|x86.Build.0 = Release|Any CPU
		{1136BAB6-CE4B-917C-EECB-C1E1822220D8}.Debug|Any CPU.ActiveCfg = Debug|Any CPU
		{1136BAB6-CE4B-917C-EECB-C1E1822220D8}.Debug|Any CPU.Build.0 = Debug|Any CPU
		{1136BAB6-CE4B-917C-EECB-C1E1822220D8}.Debug|x64.ActiveCfg = Debug|Any CPU
		{1136BAB6-CE4B-917C-EECB-C1E1822220D8}.Debug|x64.Build.0 = Debug|Any CPU
		{1136BAB6-CE4B-917C-EECB-C1E1822220D8}.Debug|x86.ActiveCfg = Debug|Any CPU
		{1136BAB6-CE4B-917C-EECB-C1E1822220D8}.Debug|x86.Build.0 = Debug|Any CPU
		{1136BAB6-CE4B-917C-EECB-C1E1822220D8}.Release|Any CPU.ActiveCfg = Release|Any CPU
		{1136BAB6-CE4B-917C-EECB-C1E1822220D8}.Release|Any CPU.Build.0 = Release|Any CPU
		{1136BAB6-CE4B-917C-EECB-C1E1822220D8}.Release|x64.ActiveCfg = Release|Any CPU
		{1136BAB6-CE4B-917C-EECB-C1E1822220D8}.Release|x64.Build.0 = Release|Any CPU
		{1136BAB6-CE4B-917C-EECB-C1E1822220D8}.Release|x86.ActiveCfg = Release|Any CPU
		{1136BAB6-CE4B-917C-EECB-C1E1822220D8}.Release|x86.Build.0 = Release|Any CPU
		{77386CCB-189F-4ABA-8AB1-421C439524A2}.Debug|Any CPU.ActiveCfg = Debug|Any CPU
		{77386CCB-189F-4ABA-8AB1-421C439524A2}.Debug|Any CPU.Build.0 = Debug|Any CPU
		{77386CCB-189F-4ABA-8AB1-421C439524A2}.Debug|x64.ActiveCfg = Debug|Any CPU
		{77386CCB-189F-4ABA-8AB1-421C439524A2}.Debug|x64.Build.0 = Debug|Any CPU
		{77386CCB-189F-4ABA-8AB1-421C439524A2}.Debug|x86.ActiveCfg = Debug|Any CPU
		{77386CCB-189F-4ABA-8AB1-421C439524A2}.Debug|x86.Build.0 = Debug|Any CPU
		{77386CCB-189F-4ABA-8AB1-421C439524A2}.Release|Any CPU.ActiveCfg = Release|Any CPU
		{77386CCB-189F-4ABA-8AB1-421C439524A2}.Release|Any CPU.Build.0 = Release|Any CPU
		{77386CCB-189F-4ABA-8AB1-421C439524A2}.Release|x64.ActiveCfg = Release|Any CPU
		{77386CCB-189F-4ABA-8AB1-421C439524A2}.Release|x64.Build.0 = Release|Any CPU
		{77386CCB-189F-4ABA-8AB1-421C439524A2}.Release|x86.ActiveCfg = Release|Any CPU
		{77386CCB-189F-4ABA-8AB1-421C439524A2}.Release|x86.Build.0 = Release|Any CPU
		{FCE48D1D-BA02-73F8-9171-EE22BB928707}.Debug|Any CPU.ActiveCfg = Debug|Any CPU
		{FCE48D1D-BA02-73F8-9171-EE22BB928707}.Debug|Any CPU.Build.0 = Debug|Any CPU
		{FCE48D1D-BA02-73F8-9171-EE22BB928707}.Debug|x64.ActiveCfg = Debug|Any CPU
		{FCE48D1D-BA02-73F8-9171-EE22BB928707}.Debug|x64.Build.0 = Debug|Any CPU
		{FCE48D1D-BA02-73F8-9171-EE22BB928707}.Debug|x86.ActiveCfg = Debug|Any CPU
		{FCE48D1D-BA02-73F8-9171-EE22BB928707}.Debug|x86.Build.0 = Debug|Any CPU
		{FCE48D1D-BA02-73F8-9171-EE22BB928707}.Release|Any CPU.ActiveCfg = Release|Any CPU
		{FCE48D1D-BA02-73F8-9171-EE22BB928707}.Release|Any CPU.Build.0 = Release|Any CPU
		{FCE48D1D-BA02-73F8-9171-EE22BB928707}.Release|x64.ActiveCfg = Release|Any CPU
		{FCE48D1D-BA02-73F8-9171-EE22BB928707}.Release|x64.Build.0 = Release|Any CPU
		{FCE48D1D-BA02-73F8-9171-EE22BB928707}.Release|x86.ActiveCfg = Release|Any CPU
		{FCE48D1D-BA02-73F8-9171-EE22BB928707}.Release|x86.Build.0 = Release|Any CPU
	EndGlobalSection
	GlobalSection(SolutionProperties) = preSolution
		HideSolutionNode = FALSE
	EndGlobalSection
	GlobalSection(NestedProjects) = preSolution
		{38A84DEA-96FE-41DD-8453-7DE9CBDAC982} = {02EA681E-C7D8-13C7-8484-4AC65E1B71E8}
		{7F716B52-E0AB-18D4-76D2-19A4BAD22546} = {02EA681E-C7D8-13C7-8484-4AC65E1B71E8}
		{3D3F0D9B-5067-CE60-2D55-743A222468EC} = {02EA681E-C7D8-13C7-8484-4AC65E1B71E8}
		{7BB03133-FD28-54A4-7DF7-81F29792647C} = {0C88DD14-F956-CE84-757C-A364CCF449FC}
		{1136BAB6-CE4B-917C-EECB-C1E1822220D8} = {0C88DD14-F956-CE84-757C-A364CCF449FC}
		{77386CCB-189F-4ABA-8AB1-421C439524A2} = {02EA681E-C7D8-13C7-8484-4AC65E1B71E8}
		{FCE48D1D-BA02-73F8-9171-EE22BB928707} = {0C88DD14-F956-CE84-757C-A364CCF449FC}
	EndGlobalSection
	GlobalSection(ExtensibilityGlobals) = postSolution
		SolutionGuid = {01330D86-D8EE-4B16-96E8-7F32D0CB25B8}
	EndGlobalSection
EndGlobal
